PODS:
  - CJCategory (0.0.4):
    - CJCategory/NSData (= 0.0.4)
    - CJCategory/NSDate (= 0.0.4)
    - CJCategory/NSDictionary (= 0.0.4)
    - CJCategory/NSString (= 0.0.4)
    - CJCategory/UIImage (= 0.0.4)
    - CJCategory/UIView (= 0.0.4)
  - CJCategory/NSData (0.0.4)
  - CJCategory/NSDate (0.0.4)
  - CJCategory/NSDictionary (0.0.4)
  - CJCategory/NSString (0.0.4)
  - CJCategory/UIImage (0.0.4)
  - CJCategory/UIView (0.0.4)
  - CJFMDBFileManager (1.1.0):
    - FMDB (~> 2.6.2)
  - CJPickerToolBarView (0.0.3)
  - CJPopupAction (1.4.2)
  - CommonInfoHelper (0.0.2)
  - CorePlot (2.1)
  - FMDB (2.6.2):
    - FMDB/standard (= 2.6.2)
  - FMDB/standard (2.6.2)
  - PNChart (0.8.9):
    - UICountingLabel (~> 1.2.0)
  - UICountingLabel (1.2.0)

DEPENDENCIES:
  - CJCategory (~> 0.0.4)
  - CJFMDBFileManager (~> 1.1.0)
  - CJPickerToolBarView (~> 0.0.3)
  - CJPopupAction (~> 1.4.2)
  - CommonInfoHelper (~> 0.0.2)
  - CorePlot (~> 2.1)
  - PNChart (~> 0.8.5)

SPEC CHECKSUMS:
  CJCategory: 1b3ed52dd272a65b45612748082c3ba132357412
  CJFMDBFileManager: ce994ffe1b97d6c34979c18e7179e0936cd70966
  CJPickerToolBarView: b4808e5aa090b58db94d00ad217840bee2d63adb
  CJPopupAction: e491b5f3fdb9d50dddedf450eeb94e36cc61b749
  CommonInfoHelper: e20af85759476bf1588010793cbe5097c80efc5c
  CorePlot: ab9898c79b94999018e9634ab0aa4c21480c8552
  FMDB: 854a0341b4726e53276f2a8996f06f1b80f9259a
  PNChart: 84774d225c2126ded6c93d4dbe6ae98c3a73c2d2
  UICountingLabel: 1db4e7d023e1762171eb226d6dff47a7a84f27aa

PODFILE CHECKSUM: e0b864e543259b073eee07ddde8a7ca7e63cb667

COCOAPODS: 1.1.0.rc.2
